// !$*UTF8*$!
{
	archiveVersion = 1;
	classes = {
	};
	objectVersion = 46;
	objects = {

/* Begin PBXBuildFile section */
		3870ECFA1DF3E9C5000A239A /* OhWordApiClient.swift in Sources */ = {isa = PBXBuildFile; fileRef = 3870ECF91DF3E9C5000A239A /* OhWordApiClient.swift */; };
		3870ED161DF3F53E000A239A /* SelectSongController.swift in Sources */ = {isa = PBXBuildFile; fileRef = 3870ED151DF3F53E000A239A /* SelectSongController.swift */; };
		387E9C1F1DF53E6C00B7117A /* Word.swift in Sources */ = {isa = PBXBuildFile; fileRef = 387E9C1E1DF53E6C00B7117A /* Word.swift */; };
		387E9C211DF540A100B7117A /* EnterWordController.swift in Sources */ = {isa = PBXBuildFile; fileRef = 387E9C201DF540A100B7117A /* EnterWordController.swift */; };
		38CD19D61DF3740700257E4D /* AppDelegate.swift in Sources */ = {isa = PBXBuildFile; fileRef = 38CD19D51DF3740700257E4D /* AppDelegate.swift */; };
		38CD19D81DF3740700257E4D /* ViewController.swift in Sources */ = {isa = PBXBuildFile; fileRef = 38CD19D71DF3740700257E4D /* ViewController.swift */; };
		38CD19DB1DF3740700257E4D /* Main.storyboard in Resources */ = {isa = PBXBuildFile; fileRef = 38CD19D91DF3740700257E4D /* Main.storyboard */; };
		38CD19DD1DF3740700257E4D /* Assets.xcassets in Resources */ = {isa = PBXBuildFile; fileRef = 38CD19DC1DF3740700257E4D /* Assets.xcassets */; };
		38CD19E01DF3740700257E4D /* LaunchScreen.storyboard in Resources */ = {isa = PBXBuildFile; fileRef = 38CD19DE1DF3740700257E4D /* LaunchScreen.storyboard */; };
		38CD19EB1DF3740800257E4D /* ohWordGameTests.swift in Sources */ = {isa = PBXBuildFile; fileRef = 38CD19EA1DF3740800257E4D /* ohWordGameTests.swift */; };
		38CD19F61DF3740800257E4D /* ohWordGameUITests.swift in Sources */ = {isa = PBXBuildFile; fileRef = 38CD19F51DF3740800257E4D /* ohWordGameUITests.swift */; };
		60C7410407C30D65497389EB /* Pods_ohWordGameUITests.framework in Frameworks */ = {isa = PBXBuildFile; fileRef = 754473E6FDF35C1910C85EE9 /* Pods_ohWordGameUITests.framework */; };
		D3C08D99E936C9207AE8E64D /* Pods_ohWordGameTests.framework in Frameworks */ = {isa = PBXBuildFile; fileRef = 74BFBEF61B3B153F048FB1DF /* Pods_ohWordGameTests.framework */; };
		E76620A221BEE84E27E4D2FD /* Pods_ohWordGame.framework in Frameworks */ = {isa = PBXBuildFile; fileRef = 2DBD3915D03E73962202D9A2 /* Pods_ohWordGame.framework */; };
/* End PBXBuildFile section */

/* Begin PBXContainerItemProxy section */
		38CD19E71DF3740800257E4D /* PBXContainerItemProxy */ = {
			isa = PBXContainerItemProxy;
			containerPortal = 38CD19CA1DF3740700257E4D /* Project object */;
			proxyType = 1;
			remoteGlobalIDString = 38CD19D11DF3740700257E4D;
			remoteInfo = ohWordGame;
		};
		38CD19F21DF3740800257E4D /* PBXContainerItemProxy */ = {
			isa = PBXContainerItemProxy;
			containerPortal = 38CD19CA1DF3740700257E4D /* Project object */;
			proxyType = 1;
			remoteGlobalIDString = 38CD19D11DF3740700257E4D;
			remoteInfo = ohWordGame;
		};
/* End PBXContainerItemProxy section */

/* Begin PBXFileReference section */
		09E5AE3314C6E42561BF2A2C /* Pods-ohWordGameTests.debug.xcconfig */ = {isa = PBXFileReference; includeInIndex = 1; lastKnownFileType = text.xcconfig; name = "Pods-ohWordGameTests.debug.xcconfig"; path = "Pods/Target Support Files/Pods-ohWordGameTests/Pods-ohWordGameTests.debug.xcconfig"; sourceTree = "<group>"; };
		2DBD3915D03E73962202D9A2 /* Pods_ohWordGame.framework */ = {isa = PBXFileReference; explicitFileType = wrapper.framework; includeInIndex = 0; path = Pods_ohWordGame.framework; sourceTree = BUILT_PRODUCTS_DIR; };
		3870ECF91DF3E9C5000A239A /* OhWordApiClient.swift */ = {isa = PBXFileReference; fileEncoding = 4; lastKnownFileType = sourcecode.swift; path = OhWordApiClient.swift; sourceTree = "<group>"; };
		3870ED151DF3F53E000A239A /* SelectSongController.swift */ = {isa = PBXFileReference; fileEncoding = 4; lastKnownFileType = sourcecode.swift; path = SelectSongController.swift; sourceTree = "<group>"; };
		3870ED171DF4BDB7000A239A /* APITEST.playground */ = {isa = PBXFileReference; lastKnownFileType = file.playground; path = APITEST.playground; sourceTree = "<group>"; };
		387E9C1E1DF53E6C00B7117A /* Word.swift */ = {isa = PBXFileReference; fileEncoding = 4; lastKnownFileType = sourcecode.swift; path = Word.swift; sourceTree = "<group>"; };
		387E9C201DF540A100B7117A /* EnterWordController.swift */ = {isa = PBXFileReference; fileEncoding = 4; lastKnownFileType = sourcecode.swift; path = EnterWordController.swift; sourceTree = "<group>"; };
		38CD19D21DF3740700257E4D /* ohWordGame.app */ = {isa = PBXFileReference; explicitFileType = wrapper.application; includeInIndex = 0; path = ohWordGame.app; sourceTree = BUILT_PRODUCTS_DIR; };
		38CD19D51DF3740700257E4D /* AppDelegate.swift */ = {isa = PBXFileReference; lastKnownFileType = sourcecode.swift; path = AppDelegate.swift; sourceTree = "<group>"; };
		38CD19D71DF3740700257E4D /* ViewController.swift */ = {isa = PBXFileReference; lastKnownFileType = sourcecode.swift; path = ViewController.swift; sourceTree = "<group>"; };
		38CD19DA1DF3740700257E4D /* Base */ = {isa = PBXFileReference; lastKnownFileType = file.storyboard; name = Base; path = Base.lproj/Main.storyboard; sourceTree = "<group>"; };
		38CD19DC1DF3740700257E4D /* Assets.xcassets */ = {isa = PBXFileReference; lastKnownFileType = folder.assetcatalog; path = Assets.xcassets; sourceTree = "<group>"; };
		38CD19DF1DF3740700257E4D /* Base */ = {isa = PBXFileReference; lastKnownFileType = file.storyboard; name = Base; path = Base.lproj/LaunchScreen.storyboard; sourceTree = "<group>"; };
		38CD19E11DF3740700257E4D /* Info.plist */ = {isa = PBXFileReference; lastKnownFileType = text.plist.xml; path = Info.plist; sourceTree = "<group>"; };
		38CD19E61DF3740800257E4D /* ohWordGameTests.xctest */ = {isa = PBXFileReference; explicitFileType = wrapper.cfbundle; includeInIndex = 0; path = ohWordGameTests.xctest; sourceTree = BUILT_PRODUCTS_DIR; };
		38CD19EA1DF3740800257E4D /* ohWordGameTests.swift */ = {isa = PBXFileReference; lastKnownFileType = sourcecode.swift; path = ohWordGameTests.swift; sourceTree = "<group>"; };
		38CD19EC1DF3740800257E4D /* Info.plist */ = {isa = PBXFileReference; lastKnownFileType = text.plist.xml; path = Info.plist; sourceTree = "<group>"; };
		38CD19F11DF3740800257E4D /* ohWordGameUITests.xctest */ = {isa = PBXFileReference; explicitFileType = wrapper.cfbundle; includeInIndex = 0; path = ohWordGameUITests.xctest; sourceTree = BUILT_PRODUCTS_DIR; };
		38CD19F51DF3740800257E4D /* ohWordGameUITests.swift */ = {isa = PBXFileReference; lastKnownFileType = sourcecode.swift; path = ohWordGameUITests.swift; sourceTree = "<group>"; };
		38CD19F71DF3740800257E4D /* Info.plist */ = {isa = PBXFileReference; lastKnownFileType = text.plist.xml; path = Info.plist; sourceTree = "<group>"; };
		3FD8B5AA0BDB67BDC874B674 /* Pods-ohWordGameUITests.release.xcconfig */ = {isa = PBXFileReference; includeInIndex = 1; lastKnownFileType = text.xcconfig; name = "Pods-ohWordGameUITests.release.xcconfig"; path = "Pods/Target Support Files/Pods-ohWordGameUITests/Pods-ohWordGameUITests.release.xcconfig"; sourceTree = "<group>"; };
		4D3F8937428992CFC9ECD847 /* Pods-ohWordGame.release.xcconfig */ = {isa = PBXFileReference; includeInIndex = 1; lastKnownFileType = text.xcconfig; name = "Pods-ohWordGame.release.xcconfig"; path = "Pods/Target Support Files/Pods-ohWordGame/Pods-ohWordGame.release.xcconfig"; sourceTree = "<group>"; };
		567C117B44F9BE9F4163B6A3 /* Pods-ohWordGameUITests.debug.xcconfig */ = {isa = PBXFileReference; includeInIndex = 1; lastKnownFileType = text.xcconfig; name = "Pods-ohWordGameUITests.debug.xcconfig"; path = "Pods/Target Support Files/Pods-ohWordGameUITests/Pods-ohWordGameUITests.debug.xcconfig"; sourceTree = "<group>"; };
		74BFBEF61B3B153F048FB1DF /* Pods_ohWordGameTests.framework */ = {isa = PBXFileReference; explicitFileType = wrapper.framework; includeInIndex = 0; path = Pods_ohWordGameTests.framework; sourceTree = BUILT_PRODUCTS_DIR; };
		754473E6FDF35C1910C85EE9 /* Pods_ohWordGameUITests.framework */ = {isa = PBXFileReference; explicitFileType = wrapper.framework; includeInIndex = 0; path = Pods_ohWordGameUITests.framework; sourceTree = BUILT_PRODUCTS_DIR; };
		A4286C2256BDA1F7192D1534 /* Pods-ohWordGame.debug.xcconfig */ = {isa = PBXFileReference; includeInIndex = 1; lastKnownFileType = text.xcconfig; name = "Pods-ohWordGame.debug.xcconfig"; path = "Pods/Target Support Files/Pods-ohWordGame/Pods-ohWordGame.debug.xcconfig"; sourceTree = "<group>"; };
		F7CB92CD3CC49ED298BCF2CB /* Pods-ohWordGameTests.release.xcconfig */ = {isa = PBXFileReference; includeInIndex = 1; lastKnownFileType = text.xcconfig; name = "Pods-ohWordGameTests.release.xcconfig"; path = "Pods/Target Support Files/Pods-ohWordGameTests/Pods-ohWordGameTests.release.xcconfig"; sourceTree = "<group>"; };
/* End PBXFileReference section */

/* Begin PBXFrameworksBuildPhase section */
		38CD19CF1DF3740700257E4D /* Frameworks */ = {
			isa = PBXFrameworksBuildPhase;
			buildActionMask = 2147483647;
			files = (
				E76620A221BEE84E27E4D2FD /* Pods_ohWordGame.framework in Frameworks */,
			);
			runOnlyForDeploymentPostprocessing = 0;
		};
		38CD19E31DF3740700257E4D /* Frameworks */ = {
			isa = PBXFrameworksBuildPhase;
			buildActionMask = 2147483647;
			files = (
				D3C08D99E936C9207AE8E64D /* Pods_ohWordGameTests.framework in Frameworks */,
			);
			runOnlyForDeploymentPostprocessing = 0;
		};
		38CD19EE1DF3740800257E4D /* Frameworks */ = {
			isa = PBXFrameworksBuildPhase;
			buildActionMask = 2147483647;
			files = (
				60C7410407C30D65497389EB /* Pods_ohWordGameUITests.framework in Frameworks */,
			);
			runOnlyForDeploymentPostprocessing = 0;
		};
/* End PBXFrameworksBuildPhase section */

/* Begin PBXGroup section */
		3870ECF81DF3E9AA000A239A /* ApiClients */ = {
			isa = PBXGroup;
			children = (
				3870ECF91DF3E9C5000A239A /* OhWordApiClient.swift */,
			);
			name = ApiClients;
			sourceTree = "<group>";
		};
		3870ED141DF3F514000A239A /* ViewControllers */ = {
			isa = PBXGroup;
			children = (
				38CD19D71DF3740700257E4D /* ViewController.swift */,
				3870ED151DF3F53E000A239A /* SelectSongController.swift */,
				387E9C201DF540A100B7117A /* EnterWordController.swift */,
			);
			name = ViewControllers;
			sourceTree = "<group>";
		};
		387E9C1D1DF53E5F00B7117A /* Models */ = {
			isa = PBXGroup;
			children = (
				387E9C1E1DF53E6C00B7117A /* Word.swift */,
			);
			name = Models;
			sourceTree = "<group>";
		};
		38CD19C91DF3740700257E4D = {
			isa = PBXGroup;
			children = (
				38CD19D41DF3740700257E4D /* ohWordGame */,
				38CD19E91DF3740800257E4D /* ohWordGameTests */,
				38CD19F41DF3740800257E4D /* ohWordGameUITests */,
				38CD19D31DF3740700257E4D /* Products */,
				61022E3CB4F516EB1DDD6BBA /* Pods */,
				8396F2DC04771DE6026D4B6B /* Frameworks */,
			);
			sourceTree = "<group>";
		};
		38CD19D31DF3740700257E4D /* Products */ = {
			isa = PBXGroup;
			children = (
				38CD19D21DF3740700257E4D /* ohWordGame.app */,
				38CD19E61DF3740800257E4D /* ohWordGameTests.xctest */,
				38CD19F11DF3740800257E4D /* ohWordGameUITests.xctest */,
			);
			name = Products;
			sourceTree = "<group>";
		};
		38CD19D41DF3740700257E4D /* ohWordGame */ = {
			isa = PBXGroup;
			children = (
				387E9C1D1DF53E5F00B7117A /* Models */,
				3870ED141DF3F514000A239A /* ViewControllers */,
				3870ECF81DF3E9AA000A239A /* ApiClients */,
				38CD19D51DF3740700257E4D /* AppDelegate.swift */,
				38CD19D91DF3740700257E4D /* Main.storyboard */,
				38CD19DC1DF3740700257E4D /* Assets.xcassets */,
				38CD19DE1DF3740700257E4D /* LaunchScreen.storyboard */,
				38CD19E11DF3740700257E4D /* Info.plist */,
				3870ED171DF4BDB7000A239A /* APITEST.playground */,
			);
			path = ohWordGame;
			sourceTree = "<group>";
		};
		38CD19E91DF3740800257E4D /* ohWordGameTests */ = {
			isa = PBXGroup;
			children = (
				38CD19EA1DF3740800257E4D /* ohWordGameTests.swift */,
				38CD19EC1DF3740800257E4D /* Info.plist */,
			);
			path = ohWordGameTests;
			sourceTree = "<group>";
		};
		38CD19F41DF3740800257E4D /* ohWordGameUITests */ = {
			isa = PBXGroup;
			children = (
				38CD19F51DF3740800257E4D /* ohWordGameUITests.swift */,
				38CD19F71DF3740800257E4D /* Info.plist */,
			);
			path = ohWordGameUITests;
			sourceTree = "<group>";
		};
		61022E3CB4F516EB1DDD6BBA /* Pods */ = {
			isa = PBXGroup;
			children = (
				A4286C2256BDA1F7192D1534 /* Pods-ohWordGame.debug.xcconfig */,
				4D3F8937428992CFC9ECD847 /* Pods-ohWordGame.release.xcconfig */,
				09E5AE3314C6E42561BF2A2C /* Pods-ohWordGameTests.debug.xcconfig */,
				F7CB92CD3CC49ED298BCF2CB /* Pods-ohWordGameTests.release.xcconfig */,
				567C117B44F9BE9F4163B6A3 /* Pods-ohWordGameUITests.debug.xcconfig */,
				3FD8B5AA0BDB67BDC874B674 /* Pods-ohWordGameUITests.release.xcconfig */,
			);
			name = Pods;
			sourceTree = "<group>";
		};
		8396F2DC04771DE6026D4B6B /* Frameworks */ = {
			isa = PBXGroup;
			children = (
				2DBD3915D03E73962202D9A2 /* Pods_ohWordGame.framework */,
				74BFBEF61B3B153F048FB1DF /* Pods_ohWordGameTests.framework */,
				754473E6FDF35C1910C85EE9 /* Pods_ohWordGameUITests.framework */,
			);
			name = Frameworks;
			sourceTree = "<group>";
		};
/* End PBXGroup section */

/* Begin PBXNativeTarget section */
		38CD19D11DF3740700257E4D /* ohWordGame */ = {
			isa = PBXNativeTarget;
			buildConfigurationList = 38CD19FA1DF3740800257E4D /* Build configuration list for PBXNativeTarget "ohWordGame" */;
			buildPhases = (
				8D3CE793160A5A38384FF951 /* [CP] Check Pods Manifest.lock */,
				38CD19CE1DF3740700257E4D /* Sources */,
				38CD19CF1DF3740700257E4D /* Frameworks */,
				38CD19D01DF3740700257E4D /* Resources */,
				92DD576F20753514F23E23FA /* [CP] Embed Pods Frameworks */,
				D825A22235EFE9AB879638F0 /* [CP] Copy Pods Resources */,
			);
			buildRules = (
			);
			dependencies = (
			);
			name = ohWordGame;
			productName = ohWordGame;
			productReference = 38CD19D21DF3740700257E4D /* ohWordGame.app */;
			productType = "com.apple.product-type.application";
		};
		38CD19E51DF3740700257E4D /* ohWordGameTests */ = {
			isa = PBXNativeTarget;
			buildConfigurationList = 38CD19FD1DF3740800257E4D /* Build configuration list for PBXNativeTarget "ohWordGameTests" */;
			buildPhases = (
				99B5D79EFC2027509A1B4E0E /* [CP] Check Pods Manifest.lock */,
				38CD19E21DF3740700257E4D /* Sources */,
				38CD19E31DF3740700257E4D /* Frameworks */,
				38CD19E41DF3740700257E4D /* Resources */,
				DE98CB1EA21A5B3CC987A510 /* [CP] Embed Pods Frameworks */,
				C7A07B664EC824CFC5D7A42D /* [CP] Copy Pods Resources */,
			);
			buildRules = (
			);
			dependencies = (
				38CD19E81DF3740800257E4D /* PBXTargetDependency */,
			);
			name = ohWordGameTests;
			productName = ohWordGameTests;
			productReference = 38CD19E61DF3740800257E4D /* ohWordGameTests.xctest */;
			productType = "com.apple.product-type.bundle.unit-test";
		};
		38CD19F01DF3740800257E4D /* ohWordGameUITests */ = {
			isa = PBXNativeTarget;
			buildConfigurationList = 38CD1A001DF3740800257E4D /* Build configuration list for PBXNativeTarget "ohWordGameUITests" */;
			buildPhases = (
				C06E06CD6E2CF4AE6A0E97C7 /* [CP] Check Pods Manifest.lock */,
				38CD19ED1DF3740800257E4D /* Sources */,
				38CD19EE1DF3740800257E4D /* Frameworks */,
				38CD19EF1DF3740800257E4D /* Resources */,
				F5E537E59ECD0E6F3B50FE8F /* [CP] Embed Pods Frameworks */,
				51B503F23B03B1F0F6ADAF37 /* [CP] Copy Pods Resources */,
			);
			buildRules = (
			);
			dependencies = (
				38CD19F31DF3740800257E4D /* PBXTargetDependency */,
			);
			name = ohWordGameUITests;
			productName = ohWordGameUITests;
			productReference = 38CD19F11DF3740800257E4D /* ohWordGameUITests.xctest */;
			productType = "com.apple.product-type.bundle.ui-testing";
		};
/* End PBXNativeTarget section */

/* Begin PBXProject section */
		38CD19CA1DF3740700257E4D /* Project object */ = {
			isa = PBXProject;
			attributes = {
				LastSwiftUpdateCheck = 0810;
				LastUpgradeCheck = 0810;
				ORGANIZATIONNAME = "Piyush Puri";
				TargetAttributes = {
					38CD19D11DF3740700257E4D = {
						CreatedOnToolsVersion = 8.1;
						ProvisioningStyle = Automatic;
					};
					38CD19E51DF3740700257E4D = {
						CreatedOnToolsVersion = 8.1;
						ProvisioningStyle = Automatic;
						TestTargetID = 38CD19D11DF3740700257E4D;
					};
					38CD19F01DF3740800257E4D = {
						CreatedOnToolsVersion = 8.1;
						ProvisioningStyle = Automatic;
						TestTargetID = 38CD19D11DF3740700257E4D;
					};
				};
			};
			buildConfigurationList = 38CD19CD1DF3740700257E4D /* Build configuration list for PBXProject "ohWordGame" */;
			compatibilityVersion = "Xcode 3.2";
			developmentRegion = English;
			hasScannedForEncodings = 0;
			knownRegions = (
				en,
				Base,
			);
			mainGroup = 38CD19C91DF3740700257E4D;
			productRefGroup = 38CD19D31DF3740700257E4D /* Products */;
			projectDirPath = "";
			projectRoot = "";
			targets = (
				38CD19D11DF3740700257E4D /* ohWordGame */,
				38CD19E51DF3740700257E4D /* ohWordGameTests */,
				38CD19F01DF3740800257E4D /* ohWordGameUITests */,
			);
		};
/* End PBXProject section */

/* Begin PBXResourcesBuildPhase section */
		38CD19D01DF3740700257E4D /* Resources */ = {
			isa = PBXResourcesBuildPhase;
			buildActionMask = 2147483647;
			files = (
				38CD19E01DF3740700257E4D /* LaunchScreen.storyboard in Resources */,
				38CD19DD1DF3740700257E4D /* Assets.xcassets in Resources */,
				38CD19DB1DF3740700257E4D /* Main.storyboard in Resources */,
			);
			runOnlyForDeploymentPostprocessing = 0;
		};
		38CD19E41DF3740700257E4D /* Resources */ = {
			isa = PBXResourcesBuildPhase;
			buildActionMask = 2147483647;
			files = (
			);
			runOnlyForDeploymentPostprocessing = 0;
		};
		38CD19EF1DF3740800257E4D /* Resources */ = {
			isa = PBXResourcesBuildPhase;
			buildActionMask = 2147483647;
			files = (
			);
			runOnlyForDeploymentPostprocessing = 0;
		};
/* End PBXResourcesBuildPhase section */

/* Begin PBXShellScriptBuildPhase section */
		51B503F23B03B1F0F6ADAF37 /* [CP] Copy Pods Resources */ = {
			isa = PBXShellScriptBuildPhase;
			buildActionMask = 2147483647;
			files = (
			);
			inputPaths = (
			);
			name = "[CP] Copy Pods Resources";
			outputPaths = (
			);
			runOnlyForDeploymentPostprocessing = 0;
			shellPath = /bin/sh;
			shellScript = "\"${SRCROOT}/Pods/Target Support Files/Pods-ohWordGameUITests/Pods-ohWordGameUITests-resources.sh\"\n";
			showEnvVarsInLog = 0;
		};
		8D3CE793160A5A38384FF951 /* [CP] Check Pods Manifest.lock */ = {
			isa = PBXShellScriptBuildPhase;
			buildActionMask = 2147483647;
			files = (
			);
			inputPaths = (
			);
			name = "[CP] Check Pods Manifest.lock";
			outputPaths = (
			);
			runOnlyForDeploymentPostprocessing = 0;
			shellPath = /bin/sh;
			shellScript = "diff \"${PODS_ROOT}/../Podfile.lock\" \"${PODS_ROOT}/Manifest.lock\" > /dev/null\nif [ $? != 0 ] ; then\n    # print error to STDERR\n    echo \"error: The sandbox is not in sync with the Podfile.lock. Run 'pod install' or update your CocoaPods installation.\" >&2\n    exit 1\nfi\n";
			showEnvVarsInLog = 0;
		};
		92DD576F20753514F23E23FA /* [CP] Embed Pods Frameworks */ = {
			isa = PBXShellScriptBuildPhase;
			buildActionMask = 2147483647;
			files = (
			);
			inputPaths = (
			);
			name = "[CP] Embed Pods Frameworks";
			outputPaths = (
			);
			runOnlyForDeploymentPostprocessing = 0;
			shellPath = /bin/sh;
			shellScript = "\"${SRCROOT}/Pods/Target Support Files/Pods-ohWordGame/Pods-ohWordGame-frameworks.sh\"\n";
			showEnvVarsInLog = 0;
		};
		99B5D79EFC2027509A1B4E0E /* [CP] Check Pods Manifest.lock */ = {
			isa = PBXShellScriptBuildPhase;
			buildActionMask = 2147483647;
			files = (
			);
			inputPaths = (
			);
			name = "[CP] Check Pods Manifest.lock";
			outputPaths = (
			);
			runOnlyForDeploymentPostprocessing = 0;
			shellPath = /bin/sh;
			shellScript = "diff \"${PODS_ROOT}/../Podfile.lock\" \"${PODS_ROOT}/Manifest.lock\" > /dev/null\nif [ $? != 0 ] ; then\n    # print error to STDERR\n    echo \"error: The sandbox is not in sync with the Podfile.lock. Run 'pod install' or update your CocoaPods installation.\" >&2\n    exit 1\nfi\n";
			showEnvVarsInLog = 0;
		};
		C06E06CD6E2CF4AE6A0E97C7 /* [CP] Check Pods Manifest.lock */ = {
			isa = PBXShellScriptBuildPhase;
			buildActionMask = 2147483647;
			files = (
			);
			inputPaths = (
			);
			name = "[CP] Check Pods Manifest.lock";
			outputPaths = (
			);
			runOnlyForDeploymentPostprocessing = 0;
			shellPath = /bin/sh;
			shellScript = "diff \"${PODS_ROOT}/../Podfile.lock\" \"${PODS_ROOT}/Manifest.lock\" > /dev/null\nif [ $? != 0 ] ; then\n    # print error to STDERR\n    echo \"error: The sandbox is not in sync with the Podfile.lock. Run 'pod install' or update your CocoaPods installation.\" >&2\n    exit 1\nfi\n";
			showEnvVarsInLog = 0;
		};
		C7A07B664EC824CFC5D7A42D /* [CP] Copy Pods Resources */ = {
			isa = PBXShellScriptBuildPhase;
			buildActionMask = 2147483647;
			files = (
			);
			inputPaths = (
			);
			name = "[CP] Copy Pods Resources";
			outputPaths = (
			);
			runOnlyForDeploymentPostprocessing = 0;
			shellPath = /bin/sh;
			shellScript = "\"${SRCROOT}/Pods/Target Support Files/Pods-ohWordGameTests/Pods-ohWordGameTests-resources.sh\"\n";
			showEnvVarsInLog = 0;
		};
		D825A22235EFE9AB879638F0 /* [CP] Copy Pods Resources */ = {
			isa = PBXShellScriptBuildPhase;
			buildActionMask = 2147483647;
			files = (
			);
			inputPaths = (
			);
			name = "[CP] Copy Pods Resources";
			outputPaths = (
			);
			runOnlyForDeploymentPostprocessing = 0;
			shellPath = /bin/sh;
			shellScript = "\"${SRCROOT}/Pods/Target Support Files/Pods-ohWordGame/Pods-ohWordGame-resources.sh\"\n";
			showEnvVarsInLog = 0;
		};
		DE98CB1EA21A5B3CC987A510 /* [CP] Embed Pods Frameworks */ = {
			isa = PBXShellScriptBuildPhase;
			buildActionMask = 2147483647;
			files = (
			);
			inputPaths = (
			);
			name = "[CP] Embed Pods Frameworks";
			outputPaths = (
			);
			runOnlyForDeploymentPostprocessing = 0;
			shellPath = /bin/sh;
			shellScript = "\"${SRCROOT}/Pods/Target Support Files/Pods-ohWordGameTests/Pods-ohWordGameTests-frameworks.sh\"\n";
			showEnvVarsInLog = 0;
		};
		F5E537E59ECD0E6F3B50FE8F /* [CP] Embed Pods Frameworks */ = {
			isa = PBXShellScriptBuildPhase;
			buildActionMask = 2147483647;
			files = (
			);
			inputPaths = (
			);
			name = "[CP] Embed Pods Frameworks";
			outputPaths = (
			);
			runOnlyForDeploymentPostprocessing = 0;
			shellPath = /bin/sh;
			shellScript = "\"${SRCROOT}/Pods/Target Support Files/Pods-ohWordGameUITests/Pods-ohWordGameUITests-frameworks.sh\"\n";
			showEnvVarsInLog = 0;
		};
/* End PBXShellScriptBuildPhase section */

/* Begin PBXSourcesBuildPhase section */
		38CD19CE1DF3740700257E4D /* Sources */ = {
			isa = PBXSourcesBuildPhase;
			buildActionMask = 2147483647;
			files = (
				3870ED161DF3F53E000A239A /* SelectSongController.swift in Sources */,
				38CD19D81DF3740700257E4D /* ViewController.swift in Sources */,
				387E9C211DF540A100B7117A /* EnterWordController.swift in Sources */,
				387E9C1F1DF53E6C00B7117A /* Word.swift in Sources */,
				38CD19D61DF3740700257E4D /* AppDelegate.swift in Sources */,
				3870ECFA1DF3E9C5000A239A /* OhWordApiClient.swift in Sources */,
			);
			runOnlyForDeploymentPostprocessing = 0;
		};
		38CD19E21DF3740700257E4D /* Sources */ = {
			isa = PBXSourcesBuildPhase;
			buildActionMask = 2147483647;
			files = (
				38CD19EB1DF3740800257E4D /* ohWordGameTests.swift in Sources */,
			);
			runOnlyForDeploymentPostprocessing = 0;
		};
		38CD19ED1DF3740800257E4D /* Sources */ = {
			isa = PBXSourcesBuildPhase;
			buildActionMask = 2147483647;
			files = (
				38CD19F61DF3740800257E4D /* ohWordGameUITests.swift in Sources */,
			);
			runOnlyForDeploymentPostprocessing = 0;
		};
/* End PBXSourcesBuildPhase section */

/* Begin PBXTargetDependency section */
		38CD19E81DF3740800257E4D /* PBXTargetDependency */ = {
			isa = PBXTargetDependency;
			target = 38CD19D11DF3740700257E4D /* ohWordGame */;
			targetProxy = 38CD19E71DF3740800257E4D /* PBXContainerItemProxy */;
		};
		38CD19F31DF3740800257E4D /* PBXTargetDependency */ = {
			isa = PBXTargetDependency;
			target = 38CD19D11DF3740700257E4D /* ohWordGame */;
			targetProxy = 38CD19F21DF3740800257E4D /* PBXContainerItemProxy */;
		};
/* End PBXTargetDependency section */

/* Begin PBXVariantGroup section */
		38CD19D91DF3740700257E4D /* Main.storyboard */ = {
			isa = PBXVariantGroup;
			children = (
				38CD19DA1DF3740700257E4D /* Base */,
			);
			name = Main.storyboard;
			sourceTree = "<group>";
		};
		38CD19DE1DF3740700257E4D /* LaunchScreen.storyboard */ = {
			isa = PBXVariantGroup;
			children = (
				38CD19DF1DF3740700257E4D /* Base */,
			);
			name = LaunchScreen.storyboard;
			sourceTree = "<group>";
		};
/* End PBXVariantGroup section */

/* Begin XCBuildConfiguration section */
		38CD19F81DF3740800257E4D /* Debug */ = {
			isa = XCBuildConfiguration;
			buildSettings = {
				ALWAYS_SEARCH_USER_PATHS = NO;
				CLANG_ANALYZER_NONNULL = YES;
				CLANG_CXX_LANGUAGE_STANDARD = "gnu++0x";
				CLANG_CXX_LIBRARY = "libc++";
				CLANG_ENABLE_MODULES = YES;
				CLANG_ENABLE_OBJC_ARC = YES;
				CLANG_WARN_BOOL_CONVERSION = YES;
				CLANG_WARN_CONSTANT_CONVERSION = YES;
				CLANG_WARN_DIRECT_OBJC_ISA_USAGE = YES_ERROR;
				CLANG_WARN_DOCUMENTATION_COMMENTS = YES;
				CLANG_WARN_EMPTY_BODY = YES;
				CLANG_WARN_ENUM_CONVERSION = YES;
				CLANG_WARN_INFINITE_RECURSION = YES;
				CLANG_WARN_INT_CONVERSION = YES;
				CLANG_WARN_OBJC_ROOT_CLASS = YES_ERROR;
				CLANG_WARN_SUSPICIOUS_MOVE = YES;
				CLANG_WARN_SUSPICIOUS_MOVES = YES;
				CLANG_WARN_UNREACHABLE_CODE = YES;
				CLANG_WARN__DUPLICATE_METHOD_MATCH = YES;
				"CODE_SIGN_IDENTITY[sdk=iphoneos*]" = "iPhone Developer";
				COPY_PHASE_STRIP = NO;
				DEBUG_INFORMATION_FORMAT = dwarf;
				ENABLE_STRICT_OBJC_MSGSEND = YES;
				ENABLE_TESTABILITY = YES;
				GCC_C_LANGUAGE_STANDARD = gnu99;
				GCC_DYNAMIC_NO_PIC = NO;
				GCC_NO_COMMON_BLOCKS = YES;
				GCC_OPTIMIZATION_LEVEL = 0;
				GCC_PREPROCESSOR_DEFINITIONS = (
					"DEBUG=1",
					"$(inherited)",
				);
				GCC_WARN_64_TO_32_BIT_CONVERSION = YES;
				GCC_WARN_ABOUT_RETURN_TYPE = YES_ERROR;
				GCC_WARN_UNDECLARED_SELECTOR = YES;
				GCC_WARN_UNINITIALIZED_AUTOS = YES_AGGRESSIVE;
				GCC_WARN_UNUSED_FUNCTION = YES;
				GCC_WARN_UNUSED_VARIABLE = YES;
				IPHONEOS_DEPLOYMENT_TARGET = 10.1;
				MTL_ENABLE_DEBUG_INFO = YES;
				ONLY_ACTIVE_ARCH = YES;
				SDKROOT = iphoneos;
				SWIFT_ACTIVE_COMPILATION_CONDITIONS = DEBUG;
				SWIFT_OPTIMIZATION_LEVEL = "-Onone";
			};
			name = Debug;
		};
		38CD19F91DF3740800257E4D /* Release */ = {
			isa = XCBuildConfiguration;
			buildSettings = {
				ALWAYS_SEARCH_USER_PATHS = NO;
				CLANG_ANALYZER_NONNULL = YES;
				CLANG_CXX_LANGUAGE_STANDARD = "gnu++0x";
				CLANG_CXX_LIBRARY = "libc++";
				CLANG_ENABLE_MODULES = YES;
				CLANG_ENABLE_OBJC_ARC = YES;
				CLANG_WARN_BOOL_CONVERSION = YES;
				CLANG_WARN_CONSTANT_CONVERSION = YES;
				CLANG_WARN_DIRECT_OBJC_ISA_USAGE = YES_ERROR;
				CLANG_WARN_DOCUMENTATION_COMMENTS = YES;
				CLANG_WARN_EMPTY_BODY = YES;
				CLANG_WARN_ENUM_CONVERSION = YES;
				CLANG_WARN_INFINITE_RECURSION = YES;
				CLANG_WARN_INT_CONVERSION = YES;
				CLANG_WARN_OBJC_ROOT_CLASS = YES_ERROR;
				CLANG_WARN_SUSPICIOUS_MOVE = YES;
				CLANG_WARN_SUSPICIOUS_MOVES = YES;
				CLANG_WARN_UNREACHABLE_CODE = YES;
				CLANG_WARN__DUPLICATE_METHOD_MATCH = YES;
				"CODE_SIGN_IDENTITY[sdk=iphoneos*]" = "iPhone Developer";
				COPY_PHASE_STRIP = NO;
				DEBUG_INFORMATION_FORMAT = "dwarf-with-dsym";
				ENABLE_NS_ASSERTIONS = NO;
				ENABLE_STRICT_OBJC_MSGSEND = YES;
				GCC_C_LANGUAGE_STANDARD = gnu99;
				GCC_NO_COMMON_BLOCKS = YES;
				GCC_WARN_64_TO_32_BIT_CONVERSION = YES;
				GCC_WARN_ABOUT_RETURN_TYPE = YES_ERROR;
				GCC_WARN_UNDECLARED_SELECTOR = YES;
				GCC_WARN_UNINITIALIZED_AUTOS = YES_AGGRESSIVE;
				GCC_WARN_UNUSED_FUNCTION = YES;
				GCC_WARN_UNUSED_VARIABLE = YES;
				IPHONEOS_DEPLOYMENT_TARGET = 10.1;
				MTL_ENABLE_DEBUG_INFO = NO;
				SDKROOT = iphoneos;
				SWIFT_OPTIMIZATION_LEVEL = "-Owholemodule";
				VALIDATE_PRODUCT = YES;
			};
			name = Release;
		};
		38CD19FB1DF3740800257E4D /* Debug */ = {
			isa = XCBuildConfiguration;
			baseConfigurationReference = A4286C2256BDA1F7192D1534 /* Pods-ohWordGame.debug.xcconfig */;
			buildSettings = {
				ALWAYS_EMBED_SWIFT_STANDARD_LIBRARIES = YES;
				ASSETCATALOG_COMPILER_APPICON_NAME = AppIcon;
				INFOPLIST_FILE = ohWordGame/Info.plist;
				LD_RUNPATH_SEARCH_PATHS = "$(inherited) @executable_path/Frameworks";
				PRODUCT_BUNDLE_IDENTIFIER = F16.ohWordGame;
				PRODUCT_NAME = "$(TARGET_NAME)";
				SWIFT_VERSION = 3.0;
			};
			name = Debug;
		};
		38CD19FC1DF3740800257E4D /* Release */ = {
			isa = XCBuildConfiguration;
			baseConfigurationReference = 4D3F8937428992CFC9ECD847 /* Pods-ohWordGame.release.xcconfig */;
			buildSettings = {
				ALWAYS_EMBED_SWIFT_STANDARD_LIBRARIES = YES;
				ASSETCATALOG_COMPILER_APPICON_NAME = AppIcon;
				INFOPLIST_FILE = ohWordGame/Info.plist;
				LD_RUNPATH_SEARCH_PATHS = "$(inherited) @executable_path/Frameworks";
				PRODUCT_BUNDLE_IDENTIFIER = F16.ohWordGame;
				PRODUCT_NAME = "$(TARGET_NAME)";
				SWIFT_VERSION = 3.0;
			};
			name = Release;
		};
		38CD19FE1DF3740800257E4D /* Debug */ = {
			isa = XCBuildConfiguration;
			baseConfigurationReference = 09E5AE3314C6E42561BF2A2C /* Pods-ohWordGameTests.debug.xcconfig */;
			buildSettings = {
				ALWAYS_EMBED_SWIFT_STANDARD_LIBRARIES = YES;
				BUNDLE_LOADER = "$(TEST_HOST)";
				INFOPLIST_FILE = ohWordGameTests/Info.plist;
				LD_RUNPATH_SEARCH_PATHS = "$(inherited) @executable_path/Frameworks @loader_path/Frameworks";
				PRODUCT_BUNDLE_IDENTIFIER = F16.ohWordGameTests;
				PRODUCT_NAME = "$(TARGET_NAME)";
				SWIFT_VERSION = 3.0;
				TEST_HOST = "$(BUILT_PRODUCTS_DIR)/ohWordGame.app/ohWordGame";
			};
			name = Debug;
		};
		38CD19FF1DF3740800257E4D /* Release */ = {
			isa = XCBuildConfiguration;
			baseConfigurationReference = F7CB92CD3CC49ED298BCF2CB /* Pods-ohWordGameTests.release.xcconfig */;
			buildSettings = {
				ALWAYS_EMBED_SWIFT_STANDARD_LIBRARIES = YES;
				BUNDLE_LOADER = "$(TEST_HOST)";
				INFOPLIST_FILE = ohWordGameTests/Info.plist;
				LD_RUNPATH_SEARCH_PATHS = "$(inherited) @executable_path/Frameworks @loader_path/Frameworks";
				PRODUCT_BUNDLE_IDENTIFIER = F16.ohWordGameTests;
				PRODUCT_NAME = "$(TARGET_NAME)";
				SWIFT_VERSION = 3.0;
				TEST_HOST = "$(BUILT_PRODUCTS_DIR)/ohWordGame.app/ohWordGame";
			};
			name = Release;
		};
		38CD1A011DF3740800257E4D /* Debug */ = {
			isa = XCBuildConfiguration;
			baseConfigurationReference = 567C117B44F9BE9F4163B6A3 /* Pods-ohWordGameUITests.debug.xcconfig */;
			buildSettings = {
				ALWAYS_EMBED_SWIFT_STANDARD_LIBRARIES = YES;
				INFOPLIST_FILE = ohWordGameUITests/Info.plist;
				LD_RUNPATH_SEARCH_PATHS = "$(inherited) @executable_path/Frameworks @loader_path/Frameworks";
				PRODUCT_BUNDLE_IDENTIFIER = F16.ohWordGameUITests;
				PRODUCT_NAME = "$(TARGET_NAME)";
				SWIFT_VERSION = 3.0;
				TEST_TARGET_NAME = ohWordGame;
			};
			name = Debug;
		};
		38CD1A021DF3740800257E4D /* Release */ = {
			isa = XCBuildConfiguration;
			baseConfigurationReference = 3FD8B5AA0BDB67BDC874B674 /* Pods-ohWordGameUITests.release.xcconfig */;
			buildSettings = {
				ALWAYS_EMBED_SWIFT_STANDARD_LIBRARIES = YES;
				INFOPLIST_FILE = ohWordGameUITests/Info.plist;
				LD_RUNPATH_SEARCH_PATHS = "$(inherited) @executable_path/Frameworks @loader_path/Frameworks";
				PRODUCT_BUNDLE_IDENTIFIER = F16.ohWordGameUITests;
				PRODUCT_NAME = "$(TARGET_NAME)";
				SWIFT_VERSION = 3.0;
				TEST_TARGET_NAME = ohWordGame;
			};
			name = Release;
		};
/* End XCBuildConfiguration section */

/* Begin XCConfigurationList section */
		38CD19CD1DF3740700257E4D /* Build configuration list for PBXProject "ohWordGame" */ = {
			isa = XCConfigurationList;
			buildConfigurations = (
				38CD19F81DF3740800257E4D /* Debug */,
				38CD19F91DF3740800257E4D /* Release */,
			);
			defaultConfigurationIsVisible = 0;
			defaultConfigurationName = Release;
		};
		38CD19FA1DF3740800257E4D /* Build configuration list for PBXNativeTarget "ohWordGame" */ = {
			isa = XCConfigurationList;
			buildConfigurations = (
				38CD19FB1DF3740800257E4D /* Debug */,
				38CD19FC1DF3740800257E4D /* Release */,
			);
			defaultConfigurationIsVisible = 0;
			defaultConfigurationName = Release;
		};
		38CD19FD1DF3740800257E4D /* Build configuration list for PBXNativeTarget "ohWordGameTests" */ = {
			isa = XCConfigurationList;
			buildConfigurations = (
				38CD19FE1DF3740800257E4D /* Debug */,
				38CD19FF1DF3740800257E4D /* Release */,
			);
			defaultConfigurationIsVisible = 0;
			defaultConfigurationName = Release;
		};
		38CD1A001DF3740800257E4D /* Build configuration list for PBXNativeTarget "ohWordGameUITests" */ = {
			isa = XCConfigurationList;
			buildConfigurations = (
				38CD1A011DF3740800257E4D /* Debug */,
				38CD1A021DF3740800257E4D /* Release */,
			);
			defaultConfigurationIsVisible = 0;
			defaultConfigurationName = Release;
		};
/* End XCConfigurationList section */
	};
	rootObject = 38CD19CA1DF3740700257E4D /* Project object */;
}
